{
    "_readme": [
        "This file locks the dependencies of your project to a known state",
        "Read more about it at https://getcomposer.org/doc/01-basic-usage.md#installing-dependencies",
        "This file is @generated automatically"
    ],
    "content-hash": "5c5bd0d283298d21a26e64827bb4c478",
    "packages": [],
    "packages-dev": [
        {
            "name": "leeoniya/dump-r",
            "version": "2.1",
            "source": {
                "type": "git",
                "url": "https://github.com/leeoniya/dump_r.php.git",
                "reference": "f6d3694f4ddd7dc08d7b3900875116eaf600034d"
            },
            "dist": {
                "type": "zip",
                "url": "https://api.github.com/repos/leeoniya/dump_r.php/zipball/f6d3694f4ddd7dc08d7b3900875116eaf600034d",
                "reference": "f6d3694f4ddd7dc08d7b3900875116eaf600034d",
                "shasum": ""
            },
            "require": {
                "php": ">=5.4.0"
            },
            "suggest": {
                "jdorn/sql-formatter": "Pretty-print dumped SQL strings"
            },
            "type": "library",
            "autoload": {
                "files": [
                    "dump_r.php"
                ],
                "psr-4": {
                    "dump_r\\": "src/dump_r"
                }
            },
            "notification-url": "https://packagist.org/downloads/",
            "license": [
                "MIT"
            ],
            "authors": [
                {
                    "name": "Leon Sorokin",
                    "email": "leeoniya@gmail.com",
                    "homepage": "https://github.com/leeoniya",
                    "role": "Developer"
                }
            ],
            "description": "a cleaner, leaner mix of print_r() and var_dump()",
            "homepage": "https://github.com/leeoniya/dump_r.php",
            "keywords": [
                "debug",
                "dump",
                "pretty",
                "print",
                "print_r",
                "var_dump"
            ],
            "support": {
                "issues": "https://github.com/leeoniya/dump_r.php/issues",
                "source": "https://github.com/leeoniya/dump_r.php/tree/master"
            },
            "time": "2015-09-04T22:05:16+00:00"
        }
    ],
    "aliases": [],
    "minimum-stability": "stable",
    "stability-flags": [],
    "prefer-stable": false,
    "prefer-lowest": false,
    "platform": [],
    "platform-dev": [],
    "plugin-api-version": "2.1.0"
}
